{
  "version": "5",
  "specifiers": {
    "npm:shpjs@6.2.0": "6.2.0"
  },
  "npm": {
    "but-unzip@0.1.10": {
      "integrity": "sha512-hLfQ9WlUimmv/okzsRl6AYG3Ew5HNWhWgUslSR93FsDdeL0MAoQvmC/BJfs35lqEAO5t/QD7Y4vCFcPJtijt3A=="
    },
    "mgrs@1.0.0": {
      "integrity": "sha512-awNbTOqCxK1DBGjalK3xqWIstBZgN6fxsMSiXLs9/spqWkF2pAhb2rrYCFSsr1/tT7PhcDGjZndG8SWYn0byYA=="
    },
    "parsedbf@2.0.0": {
      "integrity": "sha512-WNjKn/cwgGBkXqQLif+2VMEahcRHkBRU0/RfBWZ7Vj7snRNNW63yW1mVuuHRDyXTRxuGCzAHHBcr/Fn+U/bXjQ=="
    },
    "proj4@2.20.9": {
      "integrity": "sha512-GLBGqXaTcdWnppre3o1sMmy4DcMGSGq/ng+9k2MTNddarRK6SveINqlqYzi3xEXuy06ljY1TTrC6H9C4f360IQ==",
      "dependencies": [
        "mgrs",
        "wkt-parser"
      ]
    },
    "shpjs@6.2.0": {
      "integrity": "sha512-8cR/RKYHQepmVyBMtzZQ+1bnSbWrtLXS6aoEJmpUlOSHtSUddterebVxYmIWq2g9kOEX9jm2kjHiikyPX7cNQA==",
      "dependencies": [
        "but-unzip",
        "parsedbf",
        "proj4"
      ]
    },
    "wkt-parser@1.5.5": {
      "integrity": "sha512-/zMYi94/7D7fxcOSlVmWn6vnOMj3Gq5d1xvVjaYOS9n6h0qOJ4I7YYVxBWYcH1vq9+suhqzXkn05Yx47zQNUIA=="
    }
  },
  "workspace": {
    "dependencies": [
      "npm:shpjs@6.2.0"
    ]
  }
}
